// !$*UTF8*$!
{
	archiveVersion = 1;
	classes = {
	};
	objectVersion = 50;
	objects = {

/* Begin PBXBuildFile section */
		4AB1773B207E9B5D00649B1A /* AppDelegate.swift in Sources */ = {isa = PBXBuildFile; fileRef = 4AB1773A207E9B5D00649B1A /* AppDelegate.swift */; };
		4AB1773D207E9B5D00649B1A /* ViewController.swift in Sources */ = {isa = PBXBuildFile; fileRef = 4AB1773C207E9B5D00649B1A /* ViewController.swift */; };
		4AB17740207E9B5D00649B1A /* Main.storyboard in Resources */ = {isa = PBXBuildFile; fileRef = 4AB1773E207E9B5D00649B1A /* Main.storyboard */; };
		4AB17742207E9B6000649B1A /* Assets.xcassets in Resources */ = {isa = PBXBuildFile; fileRef = 4AB17741207E9B6000649B1A /* Assets.xcassets */; };
		4AB17745207E9B6000649B1A /* LaunchScreen.storyboard in Resources */ = {isa = PBXBuildFile; fileRef = 4AB17743207E9B6000649B1A /* LaunchScreen.storyboard */; };
		4AB1774D207E9C3700649B1A /* JKBottomSearchView.framework in Frameworks */ = {isa = PBXBuildFile; fileRef = 4AB1774C207E9C3700649B1A /* JKBottomSearchView.framework */; };
		4AB1774E207E9C9400649B1A /* JKBottomSearchView.framework in Frameworks */ = {isa = PBXBuildFile; fileRef = 4AB1774C207E9C3700649B1A /* JKBottomSearchView.framework */; };
		4AB1774F207E9C9400649B1A /* JKBottomSearchView.framework in Embed Frameworks */ = {isa = PBXBuildFile; fileRef = 4AB1774C207E9C3700649B1A /* JKBottomSearchView.framework */; settings = {ATTRIBUTES = (CodeSignOnCopy, RemoveHeadersOnCopy, ); }; };
		4AB17753207E9CE100649B1A /* TableViewCell.swift in Sources */ = {isa = PBXBuildFile; fileRef = 4AB17751207E9CE100649B1A /* TableViewCell.swift */; };
		4AB17754207E9CE100649B1A /* TableViewCell.xib in Resources */ = {isa = PBXBuildFile; fileRef = 4AB17752207E9CE100649B1A /* TableViewCell.xib */; };
/* End PBXBuildFile section */

/* Begin PBXCopyFilesBuildPhase section */
		4AB17750207E9C9500649B1A /* Embed Frameworks */ = {
			isa = PBXCopyFilesBuildPhase;
			buildActionMask = 2147483647;
			dstPath = "";
			dstSubfolderSpec = 10;
			files = (
				4AB1774F207E9C9400649B1A /* JKBottomSearchView.framework in Embed Frameworks */,
			);
			name = "Embed Frameworks";
			runOnlyForDeploymentPostprocessing = 0;
		};
/* End PBXCopyFilesBuildPhase section */

/* Begin PBXFileReference section */
		4AB17737207E9B5D00649B1A /* JKBottomSearchViewExample.app */ = {isa = PBXFileReference; explicitFileType = wrapper.application; includeInIndex = 0; path = JKBottomSearchViewExample.app; sourceTree = BUILT_PRODUCTS_DIR; };
		4AB1773A207E9B5D00649B1A /* AppDelegate.swift */ = {isa = PBXFileReference; lastKnownFileType = sourcecode.swift; path = AppDelegate.swift; sourceTree = "<group>"; };
		4AB1773C207E9B5D00649B1A /* ViewController.swift */ = {isa = PBXFileReference; lastKnownFileType = sourcecode.swift; path = ViewController.swift; sourceTree = "<group>"; };
		4AB1773F207E9B5D00649B1A /* Base */ = {isa = PBXFileReference; lastKnownFileType = file.storyboard; name = Base; path = Base.lproj/Main.storyboard; sourceTree = "<group>"; };
		4AB17741207E9B6000649B1A /* Assets.xcassets */ = {isa = PBXFileReference; lastKnownFileType = folder.assetcatalog; path = Assets.xcassets; sourceTree = "<group>"; };
		4AB17744207E9B6000649B1A /* Base */ = {isa = PBXFileReference; lastKnownFileType = file.storyboard; name = Base; path = Base.lproj/LaunchScreen.storyboard; sourceTree = "<group>"; };
		4AB17746207E9B6000649B1A /* Info.plist */ = {isa = PBXFileReference; lastKnownFileType = text.plist.xml; path = Info.plist; sourceTree = "<group>"; };
		4AB1774C207E9C3700649B1A /* JKBottomSearchView.framework */ = {isa = PBXFileReference; lastKnownFileType = wrapper.framework; path = JKBottomSearchView.framework; sourceTree = "<group>"; };
		4AB17751207E9CE100649B1A /* TableViewCell.swift */ = {isa = PBXFileReference; lastKnownFileType = sourcecode.swift; path = TableViewCell.swift; sourceTree = "<group>"; };
		4AB17752207E9CE100649B1A /* TableViewCell.xib */ = {isa = PBXFileReference; lastKnownFileType = file.xib; path = TableViewCell.xib; sourceTree = "<group>"; };
/* End PBXFileReference section */

/* Begin PBXFrameworksBuildPhase section */
		4AB17734207E9B5D00649B1A /* Frameworks */ = {
			isa = PBXFrameworksBuildPhase;
			buildActionMask = 2147483647;
			files = (
				4AB1774D207E9C3700649B1A /* JKBottomSearchView.framework in Frameworks */,
				4AB1774E207E9C9400649B1A /* JKBottomSearchView.framework in Frameworks */,
			);
			runOnlyForDeploymentPostprocessing = 0;
		};
/* End PBXFrameworksBuildPhase section */

/* Begin PBXGroup section */
		4AB1772E207E9B5D00649B1A = {
			isa = PBXGroup;
			children = (
				4AB17739207E9B5D00649B1A /* JKBottomSearchViewExample */,
				4AB17738207E9B5D00649B1A /* Products */,
			);
			sourceTree = "<group>";
		};
		4AB17738207E9B5D00649B1A /* Products */ = {
			isa = PBXGroup;
			children = (
				4AB17737207E9B5D00649B1A /* JKBottomSearchViewExample.app */,
			);
			name = Products;
			sourceTree = "<group>";
		};
		4AB17739207E9B5D00649B1A /* JKBottomSearchViewExample */ = {
			isa = PBXGroup;
			children = (
				4AB1774C207E9C3700649B1A /* JKBottomSearchView.framework */,
				4AB1773A207E9B5D00649B1A /* AppDelegate.swift */,
				4AB1773C207E9B5D00649B1A /* ViewController.swift */,
				4AB1773E207E9B5D00649B1A /* Main.storyboard */,
				4AB17741207E9B6000649B1A /* Assets.xcassets */,
				4AB17743207E9B6000649B1A /* LaunchScreen.storyboard */,
				4AB17746207E9B6000649B1A /* Info.plist */,
				4AB17751207E9CE100649B1A /* TableViewCell.swift */,
				4AB17752207E9CE100649B1A /* TableViewCell.xib */,
			);
			path = JKBottomSearchViewExample;
			sourceTree = "<group>";
		};
/* End PBXGroup section */

/* Begin PBXNativeTarget section */
		4AB17736207E9B5D00649B1A /* JKBottomSearchViewExample */ = {
			isa = PBXNativeTarget;
			buildConfigurationList = 4AB17749207E9B6000649B1A /* Build configuration list for PBXNativeTarget "JKBottomSearchViewExample" */;
			buildPhases = (
				4AB17733207E9B5D00649B1A /* Sources */,
				4AB17734207E9B5D00649B1A /* Frameworks */,
				4AB17735207E9B5D00649B1A /* Resources */,
				4AB17750207E9C9500649B1A /* Embed Frameworks */,
			);
			buildRules = (
			);
			dependencies = (
			);
			name = JKBottomSearchViewExample;
			productName = JKBottomSearchViewExample;
			productReference = 4AB17737207E9B5D00649B1A /* JKBottomSearchViewExample.app */;
			productType = "com.apple.product-type.application";
		};
/* End PBXNativeTarget section */

/* Begin PBXProject section */
		4AB1772F207E9B5D00649B1A /* Project object */ = {
			isa = PBXProject;
			attributes = {
				LastSwiftUpdateCheck = 0930;
				LastUpgradeCheck = 0930;
				ORGANIZATIONNAME = com.jerronimo;
				TargetAttributes = {
					4AB17736207E9B5D00649B1A = {
						CreatedOnToolsVersion = 9.3;
					};
				};
			};
			buildConfigurationList = 4AB17732207E9B5D00649B1A /* Build configuration list for PBXProject "JKBottomSearchViewExample" */;
			compatibilityVersion = "Xcode 9.3";
			developmentRegion = en;
			hasScannedForEncodings = 0;
			knownRegions = (
				en,
				Base,
			);
			mainGroup = 4AB1772E207E9B5D00649B1A;
			productRefGroup = 4AB17738207E9B5D00649B1A /* Products */;
			projectDirPath = "";
			projectRoot = "";
			targets = (
				4AB17736207E9B5D00649B1A /* JKBottomSearchViewExample */,
			);
		};
/* End PBXProject section */

/* Begin PBXResourcesBuildPhase section */
		4AB17735207E9B5D00649B1A /* Resources */ = {
			isa = PBXResourcesBuildPhase;
			buildActionMask = 2147483647;
			files = (
				4AB17745207E9B6000649B1A /* LaunchScreen.storyboard in Resources */,
				4AB17754207E9CE100649B1A /* TableViewCell.xib in Resources */,
				4AB17742207E9B6000649B1A /* Assets.xcassets in Resources */,
				4AB17740207E9B5D00649B1A /* Main.storyboard in Resources */,
			);
			runOnlyForDeploymentPostprocessing = 0;
		};
/* End PBXResourcesBuildPhase section */

/* Begin PBXSourcesBuildPhase section */
		4AB17733207E9B5D00649B1A /* Sources */ = {
			isa = PBXSourcesBuildPhase;
			buildActionMask = 2147483647;
			files = (
				4AB17753207E9CE100649B1A /* TableViewCell.swift in Sources */,
				4AB1773D207E9B5D00649B1A /* ViewController.swift in Sources */,
				4AB1773B207E9B5D00649B1A /* AppDelegate.swift in Sources */,
			);
			runOnlyForDeploymentPostprocessing = 0;
		};
/* End PBXSourcesBuildPhase section */

/* Begin PBXVariantGroup section */
		4AB1773E207E9B5D00649B1A /* Main.storyboard */ = {
			isa = PBXVariantGroup;
			children = (
				4AB1773F207E9B5D00649B1A /* Base */,
			);
			name = Main.storyboard;
			sourceTree = "<group>";
		};
		4AB17743207E9B6000649B1A /* LaunchScreen.storyboard */ = {
			isa = PBXVariantGroup;
			children = (
				4AB17744207E9B6000649B1A /* Base */,
			);
			name = LaunchScreen.storyboard;
			sourceTree = "<group>";
		};
/* End PBXVariantGroup section */

/* Begin XCBuildConfiguration section */
		4AB17747207E9B6000649B1A /* Debug */ = {
			isa = XCBuildConfiguration;
			buildSettings = {
				ALWAYS_SEARCH_USER_PATHS = NO;
				CLANG_ANALYZER_NONNULL = YES;
				CLANG_ANALYZER_NUMBER_OBJECT_CONVERSION = YES_AGGRESSIVE;
				CLANG_CXX_LANGUAGE_STANDARD = "gnu++14";
				CLANG_CXX_LIBRARY = "libc++";
				CLANG_ENABLE_MODULES = YES;
				CLANG_ENABLE_OBJC_ARC = YES;
				CLANG_ENABLE_OBJC_WEAK = YES;
				CLANG_WARN_BLOCK_CAPTURE_AUTORELEASING = YES;
				CLANG_WARN_BOOL_CONVERSION = YES;
				CLANG_WARN_COMMA = YES;
				CLANG_WARN_CONSTANT_CONVERSION = YES;
				CLANG_WARN_DEPRECATED_OBJC_IMPLEMENTATIONS = YES;
				CLANG_WARN_DIRECT_OBJC_ISA_USAGE = YES_ERROR;
				CLANG_WARN_DOCUMENTATION_COMMENTS = YES;
				CLANG_WARN_EMPTY_BODY = YES;
				CLANG_WARN_ENUM_CONVERSION = YES;
				CLANG_WARN_INFINITE_RECURSION = YES;
				CLANG_WARN_INT_CONVERSION = YES;
				CLANG_WARN_NON_LITERAL_NULL_CONVERSION = YES;
				CLANG_WARN_OBJC_IMPLICIT_RETAIN_SELF = YES;
				CLANG_WARN_OBJC_LITERAL_CONVERSION = YES;
				CLANG_WARN_OBJC_ROOT_CLASS = YES_ERROR;
				CLANG_WARN_RANGE_LOOP_ANALYSIS = YES;
				CLANG_WARN_STRICT_PROTOTYPES = YES;
				CLANG_WARN_SUSPICIOUS_MOVE = YES;
				CLANG_WARN_UNGUARDED_AVAILABILITY = YES_AGGRESSIVE;
				CLANG_WARN_UNREACHABLE_CODE = YES;
				CLANG_WARN__DUPLICATE_METHOD_MATCH = YES;
				CODE_SIGN_IDENTITY = "iPhone Developer";
				COPY_PHASE_STRIP = NO;
				DEBUG_INFORMATION_FORMAT = dwarf;
				ENABLE_STRICT_OBJC_MSGSEND = YES;
				ENABLE_TESTABILITY = YES;
				GCC_C_LANGUAGE_STANDARD = gnu11;
				GCC_DYNAMIC_NO_PIC = NO;
				GCC_NO_COMMON_BLOCKS = YES;
				GCC_OPTIMIZATION_LEVEL = 0;
				GCC_PREPROCESSOR_DEFINITIONS = (
					"DEBUG=1",
					"$(inherited)",
				);
				GCC_WARN_64_TO_32_BIT_CONVERSION = YES;
				GCC_WARN_ABOUT_RETURN_TYPE = YES_ERROR;
				GCC_WARN_UNDECLARED_SELECTOR = YES;
				GCC_WARN_UNINITIALIZED_AUTOS = YES_AGGRESSIVE;
				GCC_WARN_UNUSED_FUNCTION = YES;
				GCC_WARN_UNUSED_VARIABLE = YES;
				IPHONEOS_DEPLOYMENT_TARGET = 11.3;
				MTL_ENABLE_DEBUG_INFO = YES;
				ONLY_ACTIVE_ARCH = YES;
				SDKROOT = iphoneos;
				SWIFT_ACTIVE_COMPILATION_CONDITIONS = DEBUG;
				SWIFT_OPTIMIZATION_LEVEL = "-Onone";
			};
			name = Debug;
		};
		4AB17748207E9B6000649B1A /* Release */ = {
			isa = XCBuildConfiguration;
			buildSettings = {
				ALWAYS_SEARCH_USER_PATHS = NO;
				CLANG_ANALYZER_NONNULL = YES;
				CLANG_ANALYZER_NUMBER_OBJECT_CONVERSION = YES_AGGRESSIVE;
				CLANG_CXX_LANGUAGE_STANDARD = "gnu++14";
				CLANG_CXX_LIBRARY = "libc++";
				CLANG_ENABLE_MODULES = YES;
				CLANG_ENABLE_OBJC_ARC = YES;
				CLANG_ENABLE_OBJC_WEAK = YES;
				CLANG_WARN_BLOCK_CAPTURE_AUTORELEASING = YES;
				CLANG_WARN_BOOL_CONVERSION = YES;
				CLANG_WARN_COMMA = YES;
				CLANG_WARN_CONSTANT_CONVERSION = YES;
				CLANG_WARN_DEPRECATED_OBJC_IMPLEMENTATIONS = YES;
				CLANG_WARN_DIRECT_OBJC_ISA_USAGE = YES_ERROR;
				CLANG_WARN_DOCUMENTATION_COMMENTS = YES;
				CLANG_WARN_EMPTY_BODY = YES;
				CLANG_WARN_ENUM_CONVERSION = YES;
				CLANG_WARN_INFINITE_RECURSION = YES;
				CLANG_WARN_INT_CONVERSION = YES;
				CLANG_WARN_NON_LITERAL_NULL_CONVERSION = YES;
				CLANG_WARN_OBJC_IMPLICIT_RETAIN_SELF = YES;
				CLANG_WARN_OBJC_LITERAL_CONVERSION = YES;
				CLANG_WARN_OBJC_ROOT_CLASS = YES_ERROR;
				CLANG_WARN_RANGE_LOOP_ANALYSIS = YES;
				CLANG_WARN_STRICT_PROTOTYPES = YES;
				CLANG_WARN_SUSPICIOUS_MOVE = YES;
				CLANG_WARN_UNGUARDED_AVAILABILITY = YES_AGGRESSIVE;
				CLANG_WARN_UNREACHABLE_CODE = YES;
				CLANG_WARN__DUPLICATE_METHOD_MATCH = YES;
				CODE_SIGN_IDENTITY = "iPhone Developer";
				COPY_PHASE_STRIP = NO;
				DEBUG_INFORMATION_FORMAT = "dwarf-with-dsym";
				ENABLE_NS_ASSERTIONS = NO;
				ENABLE_STRICT_OBJC_MSGSEND = YES;
				GCC_C_LANGUAGE_STANDARD = gnu11;
				GCC_NO_COMMON_BLOCKS = YES;
				GCC_WARN_64_TO_32_BIT_CONVERSION = YES;
				GCC_WARN_ABOUT_RETURN_TYPE = YES_ERROR;
				GCC_WARN_UNDECLARED_SELECTOR = YES;
				GCC_WARN_UNINITIALIZED_AUTOS = YES_AGGRESSIVE;
				GCC_WARN_UNUSED_FUNCTION = YES;
				GCC_WARN_UNUSED_VARIABLE = YES;
				IPHONEOS_DEPLOYMENT_TARGET = 11.3;
				MTL_ENABLE_DEBUG_INFO = NO;
				SDKROOT = iphoneos;
				SWIFT_COMPILATION_MODE = wholemodule;
				SWIFT_OPTIMIZATION_LEVEL = "-O";
				VALIDATE_PRODUCT = YES;
			};
			name = Release;
		};
		4AB1774A207E9B6000649B1A /* Debug */ = {
			isa = XCBuildConfiguration;
			buildSettings = {
				ASSETCATALOG_COMPILER_APPICON_NAME = AppIcon;
				CODE_SIGN_STYLE = Automatic;
				DEVELOPMENT_TEAM = 8K9V2VJ95T;
				FRAMEWORK_SEARCH_PATHS = (
					"$(inherited)",
					"$(PROJECT_DIR)/JKBottomSearchViewExample",
				);
				INFOPLIST_FILE = JKBottomSearchViewExample/Info.plist;
				LD_RUNPATH_SEARCH_PATHS = (
					"$(inherited)",
					"@executable_path/Frameworks",
				);
				PRODUCT_BUNDLE_IDENTIFIER = com.jerronimo.JKBottomSearchViewExample;
				PRODUCT_NAME = "$(TARGET_NAME)";
				SWIFT_VERSION = 4.0;
				TARGETED_DEVICE_FAMILY = "1,2";
			};
			name = Debug;
		};
		4AB1774B207E9B6000649B1A /* Release */ = {
			isa = XCBuildConfiguration;
			buildSettings = {
				ASSETCATALOG_COMPILER_APPICON_NAME = AppIcon;
				CODE_SIGN_STYLE = Automatic;
				DEVELOPMENT_TEAM = 8K9V2VJ95T;
				FRAMEWORK_SEARCH_PATHS = (
					"$(inherited)",
					"$(PROJECT_DIR)/JKBottomSearchViewExample",
				);
				INFOPLIST_FILE = JKBottomSearchViewExample/Info.plist;
				LD_RUNPATH_SEARCH_PATHS = (
					"$(inherited)",
					"@executable_path/Frameworks",
				);
				PRODUCT_BUNDLE_IDENTIFIER = com.jerronimo.JKBottomSearchViewExample;
				PRODUCT_NAME = "$(TARGET_NAME)";
				SWIFT_VERSION = 4.0;
				TARGETED_DEVICE_FAMILY = "1,2";
			};
			name = Release;
		};
/* End XCBuildConfiguration section */

/* Begin XCConfigurationList section */
		4AB17732207E9B5D00649B1A /* Build configuration list for PBXProject "JKBottomSearchViewExample" */ = {
			isa = XCConfigurationList;
			buildConfigurations = (
				4AB17747207E9B6000649B1A /* Debug */,
				4AB17748207E9B6000649B1A /* Release */,
			);
			defaultConfigurationIsVisible = 0;
			defaultConfigurationName = Release;
		};
		4AB17749207E9B6000649B1A /* Build configuration list for PBXNativeTarget "JKBottomSearchViewExample" */ = {
			isa = XCConfigurationList;
			buildConfigurations = (
				4AB1774A207E9B6000649B1A /* Debug */,
				4AB1774B207E9B6000649B1A /* Release */,
			);
			defaultConfigurationIsVisible = 0;
			defaultConfigurationName = Release;
		};
/* End XCConfigurationList section */
	};
	rootObject = 4AB1772F207E9B5D00649B1A /* Project object */;
}
